
Microsoft Visual Studio Solution File, Format Version 12.00
# Visual Studio Version 17
VisualStudioVersion = 17.1.32228.430
MinimumVisualStudioVersion = 10.0.40219.1
Project("{FAE04EC0-301F-11D3-BF4B-00C04F79EFBC}") = "Lab_w_9", "Lab_w_9\Lab_w_9.csproj", "{8080612E-B0ED-4F29-9490-739CA1BC686F}"
EndProject
Global
	GlobalSection(SolutionConfigurationPlatforms) = preSolution
		Debug|Any CPU = Debug|Any CPU
		Release|Any CPU = Release|Any CPU
	EndGlobalSection
	GlobalSection(ProjectConfigurationPlatforms) = postSolution
		{8080612E-B0ED-4F29-9490-739CA1BC686F}.Debug|Any CPU.ActiveCfg = Debug|Any CPU
		{8080612E-B0ED-4F29-9490-739CA1BC686F}.Debug|Any CPU.Build.0 = Debug|Any CPU
		{8080612E-B0ED-4F29-9490-739CA1BC686F}.Release|Any CPU.ActiveCfg = Release|Any CPU
		{8080612E-B0ED-4F29-9490-739CA1BC686F}.Release|Any CPU.Build.0 = Release|Any CPU
	EndGlobalSection
	GlobalSection(SolutionProperties) = preSolution
		HideSolutionNode = FALSE
	EndGlobalSection
	GlobalSection(ExtensibilityGlobals) = postSolution
		SolutionGuid = {27797FAC-C572-4175-A4CF-2D88DD91F77E}
	EndGlobalSection
EndGlobal
